{
  "object": {
    "pins": [
      {
        "package": "SimplenoteFoundation",
        "repositoryURL": "git@github.com:Automattic/SimplenoteFoundation-Swift.git",
        "state": {
          "branch": "issue/visibility-modifiers",
          "revision": "557b23d1268b73ff359f91facc85741e32e5ad66",
          "version": null
        }
      }
    ]
  },
  "version": 1
}
